{
  "name": "IAM-hashing",
  "lockfileVersion": 2,
  "requires": true,
  "packages": {
    "": {
      "dependencies": {
        "objects-to-csv": "^1.3.6"
      }
    },
    "node_modules/async-csv": {
      "version": "2.1.3",
      "resolved": "https://registry.npmjs.org/async-csv/-/async-csv-2.1.3.tgz",
      "integrity": "sha512-mpsCN+D7mzZeqrlDw7UTPhvDQDlx1i819E9fbKIt8drkgED5FSOlBv3Rk/+sXdevnO2wwlRkVOQ4kdT0AyqPqQ==",
      "dependencies": {
        "csv": "^5.1.3"
      }
    },
    "node_modules/csv": {
      "version": "5.5.3",
      "resolved": "https://registry.npmjs.org/csv/-/csv-5.5.3.tgz",
      "integrity": "sha512-QTaY0XjjhTQOdguARF0lGKm5/mEq9PD9/VhZZegHDIBq2tQwgNpHc3dneD4mGo2iJs+fTKv5Bp0fZ+BRuY3Z0g==",
      "dependencies": {
        "csv-generate": "^3.4.3",
        "csv-parse": "^4.16.3",
        "csv-stringify": "^5.6.5",
        "stream-transform": "^2.1.3"
      },
      "engines": {
        "node": ">= 0.1.90"
      }
    },
    "node_modules/csv-generate": {
      "version": "3.4.3",
      "resolved": "https://registry.npmjs.org/csv-generate/-/csv-generate-3.4.3.tgz",
      "integrity": "sha512-w/T+rqR0vwvHqWs/1ZyMDWtHHSJaN06klRqJXBEpDJaM/+dZkso0OKh1VcuuYvK3XM53KysVNq8Ko/epCK8wOw=="
    },
    "node_modules/csv-stringify": {
      "version": "5.6.5",
      "resolved": "https://registry.npmjs.org/csv-stringify/-/csv-stringify-5.6.5.tgz",
      "integrity": "sha512-PjiQ659aQ+fUTQqSrd1XEDnOr52jh30RBurfzkscaE2tPaFsDH5wOAHJiw8XAHphRknCwMUE9KRayc4K/NbO8A=="
    },
    "node_modules/csv/node_modules/csv-parse": {
      "version": "4.16.3",
      "resolved": "https://registry.npmjs.org/csv-parse/-/csv-parse-4.16.3.tgz",
      "integrity": "sha512-cO1I/zmz4w2dcKHVvpCr7JVRu8/FymG5OEpmvsZYlccYolPBLoVGKUHgNoc4ZGkFeFlWGEDmMyBM+TTqRdW/wg=="
    },
    "node_modules/mixme": {
      "version": "0.5.4",
      "resolved": "https://registry.npmjs.org/mixme/-/mixme-0.5.4.tgz",
      "integrity": "sha512-3KYa4m4Vlqx98GPdOHghxSdNtTvcP8E0kkaJ5Dlh+h2DRzF7zpuVVcA8B0QpKd11YJeP9QQ7ASkKzOeu195Wzw==",
      "engines": {
        "node": ">= 8.0.0"
      }
    },
    "node_modules/objects-to-csv": {
      "version": "1.3.6",
      "resolved": "https://registry.npmjs.org/objects-to-csv/-/objects-to-csv-1.3.6.tgz",
      "integrity": "sha512-383eSpS3hmgCksW85KIqBtcbgSW5DDVsCmzLoM6C3q4yzOX2rmtWxF4pbLJ76fz+ufA+4/SwAT4QdaY6IUWmAg==",
      "dependencies": {
        "async-csv": "^2.1.3"
      }
    },
    "node_modules/stream-transform": {
      "version": "2.1.3",
      "resolved": "https://registry.npmjs.org/stream-transform/-/stream-transform-2.1.3.tgz",
      "integrity": "sha512-9GHUiM5hMiCi6Y03jD2ARC1ettBXkQBoQAe7nJsPknnI0ow10aXjTnew8QtYQmLjzn974BnmWEAJgCY6ZP1DeQ==",
      "dependencies": {
        "mixme": "^0.5.1"
      }
    }
  },
  "dependencies": {
    "async-csv": {
      "version": "2.1.3",
      "resolved": "https://registry.npmjs.org/async-csv/-/async-csv-2.1.3.tgz",
      "integrity": "sha512-mpsCN+D7mzZeqrlDw7UTPhvDQDlx1i819E9fbKIt8drkgED5FSOlBv3Rk/+sXdevnO2wwlRkVOQ4kdT0AyqPqQ==",
      "requires": {
        "csv": "^5.1.3"
      }
    },
    "csv": {
      "version": "5.5.3",
      "resolved": "https://registry.npmjs.org/csv/-/csv-5.5.3.tgz",
      "integrity": "sha512-QTaY0XjjhTQOdguARF0lGKm5/mEq9PD9/VhZZegHDIBq2tQwgNpHc3dneD4mGo2iJs+fTKv5Bp0fZ+BRuY3Z0g==",
      "requires": {
        "csv-generate": "^3.4.3",
        "csv-parse": "^4.16.3",
        "csv-stringify": "^5.6.5",
        "stream-transform": "^2.1.3"
      },
      "dependencies": {
        "csv-parse": {
          "version": "4.16.3",
          "resolved": "https://registry.npmjs.org/csv-parse/-/csv-parse-4.16.3.tgz",
          "integrity": "sha512-cO1I/zmz4w2dcKHVvpCr7JVRu8/FymG5OEpmvsZYlccYolPBLoVGKUHgNoc4ZGkFeFlWGEDmMyBM+TTqRdW/wg=="
        }
      }
    },
    "csv-generate": {
      "version": "3.4.3",
      "resolved": "https://registry.npmjs.org/csv-generate/-/csv-generate-3.4.3.tgz",
      "integrity": "sha512-w/T+rqR0vwvHqWs/1ZyMDWtHHSJaN06klRqJXBEpDJaM/+dZkso0OKh1VcuuYvK3XM53KysVNq8Ko/epCK8wOw=="
    },
    "csv-stringify": {
      "version": "5.6.5",
      "resolved": "https://registry.npmjs.org/csv-stringify/-/csv-stringify-5.6.5.tgz",
      "integrity": "sha512-PjiQ659aQ+fUTQqSrd1XEDnOr52jh30RBurfzkscaE2tPaFsDH5wOAHJiw8XAHphRknCwMUE9KRayc4K/NbO8A=="
    },
    "mixme": {
      "version": "0.5.4",
      "resolved": "https://registry.npmjs.org/mixme/-/mixme-0.5.4.tgz",
      "integrity": "sha512-3KYa4m4Vlqx98GPdOHghxSdNtTvcP8E0kkaJ5Dlh+h2DRzF7zpuVVcA8B0QpKd11YJeP9QQ7ASkKzOeu195Wzw=="
    },
    "objects-to-csv": {
      "version": "1.3.6",
      "resolved": "https://registry.npmjs.org/objects-to-csv/-/objects-to-csv-1.3.6.tgz",
      "integrity": "sha512-383eSpS3hmgCksW85KIqBtcbgSW5DDVsCmzLoM6C3q4yzOX2rmtWxF4pbLJ76fz+ufA+4/SwAT4QdaY6IUWmAg==",
      "requires": {
        "async-csv": "^2.1.3"
      }
    },
    "stream-transform": {
      "version": "2.1.3",
      "resolved": "https://registry.npmjs.org/stream-transform/-/stream-transform-2.1.3.tgz",
      "integrity": "sha512-9GHUiM5hMiCi6Y03jD2ARC1ettBXkQBoQAe7nJsPknnI0ow10aXjTnew8QtYQmLjzn974BnmWEAJgCY6ZP1DeQ==",
      "requires": {
        "mixme": "^0.5.1"
      }
    }
  }
}
